// !$*UTF8*$!
{
	archiveVersion = 1;
	classes = {
	};
	objectVersion = 50;
	objects = {

/* Begin PBXBuildFile section */
		10027E3A21CC04E2000CA1DB /* ItemListVC.swift in Sources */ = {isa = PBXBuildFile; fileRef = 10027E3921CC04E2000CA1DB /* ItemListVC.swift */; };
		10027E3C21CC0651000CA1DB /* ItemProtocol+Item.swift in Sources */ = {isa = PBXBuildFile; fileRef = 10027E3B21CC0651000CA1DB /* ItemProtocol+Item.swift */; };
		10027E3E21CC0C05000CA1DB /* ItemSaveDelegate+TemplateSaveDelegate.swift in Sources */ = {isa = PBXBuildFile; fileRef = 10027E3D21CC0C05000CA1DB /* ItemSaveDelegate+TemplateSaveDelegate.swift */; };
		10032F5621CFD5770075DD80 /* FieldValueEditVC.swift in Sources */ = {isa = PBXBuildFile; fileRef = 10032F5521CFD5770075DD80 /* FieldValueEditVC.swift */; };
		102097E021D3B44B0062B367 /* DataStore.swift in Sources */ = {isa = PBXBuildFile; fileRef = 102097DF21D3B44B0062B367 /* DataStore.swift */; };
		1029778721D7E6F700945B45 /* FieldType.swift in Sources */ = {isa = PBXBuildFile; fileRef = 1029778621D7E6F700945B45 /* FieldType.swift */; };
		1036F0F121E7DEC900C5BB06 /* DraggableCell Protocol + Extension.swift in Sources */ = {isa = PBXBuildFile; fileRef = 1036F0F021E7DEC900C5BB06 /* DraggableCell Protocol + Extension.swift */; };
		1046364421DC097400BEFCA7 /* FieldItemCellValueView.swift in Sources */ = {isa = PBXBuildFile; fileRef = 1046364321DC097400BEFCA7 /* FieldItemCellValueView.swift */; };
		104C766721DA4FFE0044346D /* ItemFieldSwitch.swift in Sources */ = {isa = PBXBuildFile; fileRef = 104C766621DA4FFE0044346D /* ItemFieldSwitch.swift */; };
		104C766921DA51510044346D /* ItemFieldButton.swift in Sources */ = {isa = PBXBuildFile; fileRef = 104C766821DA51510044346D /* ItemFieldButton.swift */; };
		104C766B21DA519F0044346D /* CustomFieldUIViewProtocol.swift in Sources */ = {isa = PBXBuildFile; fileRef = 104C766A21DA519F0044346D /* CustomFieldUIViewProtocol.swift */; };
		104C766D21DA55080044346D /* ItemFieldTextView.swift in Sources */ = {isa = PBXBuildFile; fileRef = 104C766C21DA55080044346D /* ItemFieldTextView.swift */; };
		104C766F21DA58300044346D /* ItemFieldTextField.swift in Sources */ = {isa = PBXBuildFile; fileRef = 104C766E21DA58300044346D /* ItemFieldTextField.swift */; };
		106C3D7521E44D6900F8881F /* MasterListVC.swift in Sources */ = {isa = PBXBuildFile; fileRef = 106C3D7421E44D6900F8881F /* MasterListVC.swift */; };
		106C3D7721E44F3400F8881F /* MasterListCell.swift in Sources */ = {isa = PBXBuildFile; fileRef = 106C3D7621E44F3400F8881F /* MasterListCell.swift */; };
		106C3D7921E4504100F8881F /* PopupFactory.swift in Sources */ = {isa = PBXBuildFile; fileRef = 106C3D7821E4504100F8881F /* PopupFactory.swift */; };
		106C3D7B21E45E7700F8881F /* SortDescriptors.swift in Sources */ = {isa = PBXBuildFile; fileRef = 106C3D7A21E45E7700F8881F /* SortDescriptors.swift */; };
		1091F4A921E1AF53006FA755 /* ListItemCollectionCell.swift in Sources */ = {isa = PBXBuildFile; fileRef = 1091F4A821E1AF53006FA755 /* ListItemCollectionCell.swift */; };
		10A8C32321F74FF5005C6F40 /* NewItemButton.swift in Sources */ = {isa = PBXBuildFile; fileRef = 10A8C32221F74FF5005C6F40 /* NewItemButton.swift */; };
		10A8C32621F7531C005C6F40 /* SaveButton.swift in Sources */ = {isa = PBXBuildFile; fileRef = 10A8C32521F7531C005C6F40 /* SaveButton.swift */; };
		10A8C32821F7561A005C6F40 /* UIButton Pulsate Extension.swift in Sources */ = {isa = PBXBuildFile; fileRef = 10A8C32721F7561A005C6F40 /* UIButton Pulsate Extension.swift */; };
		10A8C32C21F75FD8005C6F40 /* VC Nav Item Style Extensions.swift in Sources */ = {isa = PBXBuildFile; fileRef = 10A8C32B21F75FD8005C6F40 /* VC Nav Item Style Extensions.swift */; };
		10A8C33021F7646C005C6F40 /* Montserrat-Bold.ttf in Resources */ = {isa = PBXBuildFile; fileRef = 10A8C32E21F7643D005C6F40 /* Montserrat-Bold.ttf */; };
		10A8C33121F7646E005C6F40 /* Montserrat-Regular.ttf in Resources */ = {isa = PBXBuildFile; fileRef = 10A8C32F21F76449005C6F40 /* Montserrat-Regular.ttf */; };
		10A933DB21DCFF05000A70ED /* DatePickerVC.swift in Sources */ = {isa = PBXBuildFile; fileRef = 10A933DA21DCFF05000A70ED /* DatePickerVC.swift */; };
		10A933DD21DD042F000A70ED /* SegueDelegate.swift in Sources */ = {isa = PBXBuildFile; fileRef = 10A933DC21DD042F000A70ED /* SegueDelegate.swift */; };
		10B09D4121D511DF00C1FC2B /* TextEntryCell.swift in Sources */ = {isa = PBXBuildFile; fileRef = 10B09D4021D511DF00C1FC2B /* TextEntryCell.swift */; };
		10B09D4321D511EE00C1FC2B /* MemoEntryCell.swift in Sources */ = {isa = PBXBuildFile; fileRef = 10B09D4221D511EE00C1FC2B /* MemoEntryCell.swift */; };
		10B09D4521D5120100C1FC2B /* NumberEntryCell.swift in Sources */ = {isa = PBXBuildFile; fileRef = 10B09D4421D5120100C1FC2B /* NumberEntryCell.swift */; };
		10B09D4721D5120F00C1FC2B /* DateEntryCell.swift in Sources */ = {isa = PBXBuildFile; fileRef = 10B09D4621D5120F00C1FC2B /* DateEntryCell.swift */; };
		10B09D4921D5121C00C1FC2B /* CheckboxCell.swift in Sources */ = {isa = PBXBuildFile; fileRef = 10B09D4821D5121C00C1FC2B /* CheckboxCell.swift */; };
		10B09D4B21D5158600C1FC2B /* CheckboxButton.swift in Sources */ = {isa = PBXBuildFile; fileRef = 10B09D4A21D5158600C1FC2B /* CheckboxButton.swift */; };
		10CF79A021DE446C006F9F64 /* DateSaveDelegate.swift in Sources */ = {isa = PBXBuildFile; fileRef = 10CF799F21DE446B006F9F64 /* DateSaveDelegate.swift */; };
		10CF79A221DE4758006F9F64 /* Stylesheet.swift in Sources */ = {isa = PBXBuildFile; fileRef = 10CF79A121DE4758006F9F64 /* Stylesheet.swift */; };
		10CF79A421DE4CF5006F9F64 /* SenderSenderDelegate.swift in Sources */ = {isa = PBXBuildFile; fileRef = 10CF79A321DE4CF5006F9F64 /* SenderSenderDelegate.swift */; };
		10D3963921CE9F680053808A /* ListProtocol+List.swift in Sources */ = {isa = PBXBuildFile; fileRef = 10D3963821CE9F680053808A /* ListProtocol+List.swift */; };
		10D3963B21CE9F990053808A /* TemplateItem.swift in Sources */ = {isa = PBXBuildFile; fileRef = 10D3963A21CE9F990053808A /* TemplateItem.swift */; };
		10D3963D21CEADF70053808A /* TemplateCreateEditVC.swift in Sources */ = {isa = PBXBuildFile; fileRef = 10D3963C21CEADF70053808A /* TemplateCreateEditVC.swift */; };
		10D4A8A821CAB752008006FF /* AppDelegate.swift in Sources */ = {isa = PBXBuildFile; fileRef = 10D4A8A721CAB752008006FF /* AppDelegate.swift */; };
		10D4A8AA21CAB752008006FF /* TemplateFieldEditVC.swift in Sources */ = {isa = PBXBuildFile; fileRef = 10D4A8A921CAB752008006FF /* TemplateFieldEditVC.swift */; };
		10D4A8AD21CAB752008006FF /* Main.storyboard in Resources */ = {isa = PBXBuildFile; fileRef = 10D4A8AB21CAB752008006FF /* Main.storyboard */; };
		10D4A8B021CAB752008006FF /* ListMachine.xcdatamodeld in Sources */ = {isa = PBXBuildFile; fileRef = 10D4A8AE21CAB752008006FF /* ListMachine.xcdatamodeld */; };
		10D4A8B221CAB754008006FF /* Assets.xcassets in Resources */ = {isa = PBXBuildFile; fileRef = 10D4A8B121CAB754008006FF /* Assets.xcassets */; };
		10D4A8B521CAB754008006FF /* LaunchScreen.storyboard in Resources */ = {isa = PBXBuildFile; fileRef = 10D4A8B321CAB754008006FF /* LaunchScreen.storyboard */; };
		10D4A8C021CABA84008006FF /* ItemCreateEditVC.swift in Sources */ = {isa = PBXBuildFile; fileRef = 10D4A8BF21CABA84008006FF /* ItemCreateEditVC.swift */; };
		10D4A8C321CABBC2008006FF /* ItemFieldProtocol+ItemField.swift in Sources */ = {isa = PBXBuildFile; fileRef = 10D4A8C221CABBC2008006FF /* ItemFieldProtocol+ItemField.swift */; };
		10D4A8CD21CABEB1008006FF /* CellID.swift in Sources */ = {isa = PBXBuildFile; fileRef = 10D4A8CC21CABEB1008006FF /* CellID.swift */; };
		10D4A8CF21CAC320008006FF /* SegueID.swift in Sources */ = {isa = PBXBuildFile; fileRef = 10D4A8CE21CAC320008006FF /* SegueID.swift */; };
		10D4A8D321CAC9BA008006FF /* FieldSaveDelegate.swift in Sources */ = {isa = PBXBuildFile; fileRef = 10D4A8D221CAC9BA008006FF /* FieldSaveDelegate.swift */; };
		10EB533721DF9DCC00679018 /* ListItemCell.swift in Sources */ = {isa = PBXBuildFile; fileRef = 10EB533621DF9DCC00679018 /* ListItemCell.swift */; };
		10F5F4D121D65722002E9E5C /* FieldItemCell.swift in Sources */ = {isa = PBXBuildFile; fileRef = 10F5F4D021D65722002E9E5C /* FieldItemCell.swift */; };
		10F5F4D321D65BA1002E9E5C /* ConstraintValues.swift in Sources */ = {isa = PBXBuildFile; fileRef = 10F5F4D221D65BA1002E9E5C /* ConstraintValues.swift */; };
		A1850574D31A02B5677342E5 /* Pods_ListMachine.framework in Frameworks */ = {isa = PBXBuildFile; fileRef = 2BC105C01E5A5CF6EBC82746 /* Pods_ListMachine.framework */; };
/* End PBXBuildFile section */

/* Begin PBXFileReference section */
		0B57E5A63260154F3FAA250F /* Pods-ListMachine.release.xcconfig */ = {isa = PBXFileReference; includeInIndex = 1; lastKnownFileType = text.xcconfig; name = "Pods-ListMachine.release.xcconfig"; path = "Pods/Target Support Files/Pods-ListMachine/Pods-ListMachine.release.xcconfig"; sourceTree = "<group>"; };
		10027E3921CC04E2000CA1DB /* ItemListVC.swift */ = {isa = PBXFileReference; lastKnownFileType = sourcecode.swift; path = ItemListVC.swift; sourceTree = "<group>"; };
		10027E3B21CC0651000CA1DB /* ItemProtocol+Item.swift */ = {isa = PBXFileReference; lastKnownFileType = sourcecode.swift; path = "ItemProtocol+Item.swift"; sourceTree = "<group>"; };
		10027E3D21CC0C05000CA1DB /* ItemSaveDelegate+TemplateSaveDelegate.swift */ = {isa = PBXFileReference; lastKnownFileType = sourcecode.swift; path = "ItemSaveDelegate+TemplateSaveDelegate.swift"; sourceTree = "<group>"; };
		10032F5521CFD5770075DD80 /* FieldValueEditVC.swift */ = {isa = PBXFileReference; lastKnownFileType = sourcecode.swift; path = FieldValueEditVC.swift; sourceTree = "<group>"; };
		102097DF21D3B44B0062B367 /* DataStore.swift */ = {isa = PBXFileReference; lastKnownFileType = sourcecode.swift; path = DataStore.swift; sourceTree = "<group>"; };
		1029778621D7E6F700945B45 /* FieldType.swift */ = {isa = PBXFileReference; lastKnownFileType = sourcecode.swift; path = FieldType.swift; sourceTree = "<group>"; };
		1036F0F021E7DEC900C5BB06 /* DraggableCell Protocol + Extension.swift */ = {isa = PBXFileReference; lastKnownFileType = sourcecode.swift; path = "DraggableCell Protocol + Extension.swift"; sourceTree = "<group>"; };
		1046364321DC097400BEFCA7 /* FieldItemCellValueView.swift */ = {isa = PBXFileReference; lastKnownFileType = sourcecode.swift; path = FieldItemCellValueView.swift; sourceTree = "<group>"; };
		104C766621DA4FFE0044346D /* ItemFieldSwitch.swift */ = {isa = PBXFileReference; lastKnownFileType = sourcecode.swift; path = ItemFieldSwitch.swift; sourceTree = "<group>"; };
		104C766821DA51510044346D /* ItemFieldButton.swift */ = {isa = PBXFileReference; lastKnownFileType = sourcecode.swift; path = ItemFieldButton.swift; sourceTree = "<group>"; };
		104C766A21DA519F0044346D /* CustomFieldUIViewProtocol.swift */ = {isa = PBXFileReference; lastKnownFileType = sourcecode.swift; path = CustomFieldUIViewProtocol.swift; sourceTree = "<group>"; };
		104C766C21DA55080044346D /* ItemFieldTextView.swift */ = {isa = PBXFileReference; lastKnownFileType = sourcecode.swift; path = ItemFieldTextView.swift; sourceTree = "<group>"; };
		104C766E21DA58300044346D /* ItemFieldTextField.swift */ = {isa = PBXFileReference; lastKnownFileType = sourcecode.swift; path = ItemFieldTextField.swift; sourceTree = "<group>"; };
		106C3D7421E44D6900F8881F /* MasterListVC.swift */ = {isa = PBXFileReference; lastKnownFileType = sourcecode.swift; path = MasterListVC.swift; sourceTree = "<group>"; };
		106C3D7621E44F3400F8881F /* MasterListCell.swift */ = {isa = PBXFileReference; lastKnownFileType = sourcecode.swift; path = MasterListCell.swift; sourceTree = "<group>"; };
		106C3D7821E4504100F8881F /* PopupFactory.swift */ = {isa = PBXFileReference; lastKnownFileType = sourcecode.swift; path = PopupFactory.swift; sourceTree = "<group>"; };
		106C3D7A21E45E7700F8881F /* SortDescriptors.swift */ = {isa = PBXFileReference; lastKnownFileType = sourcecode.swift; path = SortDescriptors.swift; sourceTree = "<group>"; };
		1091F4A821E1AF53006FA755 /* ListItemCollectionCell.swift */ = {isa = PBXFileReference; lastKnownFileType = sourcecode.swift; path = ListItemCollectionCell.swift; sourceTree = "<group>"; };
		10A8C32221F74FF5005C6F40 /* NewItemButton.swift */ = {isa = PBXFileReference; lastKnownFileType = sourcecode.swift; path = NewItemButton.swift; sourceTree = "<group>"; };
		10A8C32521F7531C005C6F40 /* SaveButton.swift */ = {isa = PBXFileReference; lastKnownFileType = sourcecode.swift; path = SaveButton.swift; sourceTree = "<group>"; };
		10A8C32721F7561A005C6F40 /* UIButton Pulsate Extension.swift */ = {isa = PBXFileReference; lastKnownFileType = sourcecode.swift; path = "UIButton Pulsate Extension.swift"; sourceTree = "<group>"; };
		10A8C32B21F75FD8005C6F40 /* VC Nav Item Style Extensions.swift */ = {isa = PBXFileReference; lastKnownFileType = sourcecode.swift; path = "VC Nav Item Style Extensions.swift"; sourceTree = "<group>"; };
		10A8C32E21F7643D005C6F40 /* Montserrat-Bold.ttf */ = {isa = PBXFileReference; lastKnownFileType = file; path = "Montserrat-Bold.ttf"; sourceTree = "<group>"; };
		10A8C32F21F76449005C6F40 /* Montserrat-Regular.ttf */ = {isa = PBXFileReference; lastKnownFileType = file; path = "Montserrat-Regular.ttf"; sourceTree = "<group>"; };
		10A933DA21DCFF05000A70ED /* DatePickerVC.swift */ = {isa = PBXFileReference; lastKnownFileType = sourcecode.swift; path = DatePickerVC.swift; sourceTree = "<group>"; };
		10A933DC21DD042F000A70ED /* SegueDelegate.swift */ = {isa = PBXFileReference; lastKnownFileType = sourcecode.swift; path = SegueDelegate.swift; sourceTree = "<group>"; };
		10B09D4021D511DF00C1FC2B /* TextEntryCell.swift */ = {isa = PBXFileReference; lastKnownFileType = sourcecode.swift; path = TextEntryCell.swift; sourceTree = "<group>"; };
		10B09D4221D511EE00C1FC2B /* MemoEntryCell.swift */ = {isa = PBXFileReference; lastKnownFileType = sourcecode.swift; path = MemoEntryCell.swift; sourceTree = "<group>"; };
		10B09D4421D5120100C1FC2B /* NumberEntryCell.swift */ = {isa = PBXFileReference; lastKnownFileType = sourcecode.swift; path = NumberEntryCell.swift; sourceTree = "<group>"; };
		10B09D4621D5120F00C1FC2B /* DateEntryCell.swift */ = {isa = PBXFileReference; lastKnownFileType = sourcecode.swift; path = DateEntryCell.swift; sourceTree = "<group>"; };
		10B09D4821D5121C00C1FC2B /* CheckboxCell.swift */ = {isa = PBXFileReference; lastKnownFileType = sourcecode.swift; path = CheckboxCell.swift; sourceTree = "<group>"; };
		10B09D4A21D5158600C1FC2B /* CheckboxButton.swift */ = {isa = PBXFileReference; lastKnownFileType = sourcecode.swift; path = CheckboxButton.swift; sourceTree = "<group>"; };
		10CF799F21DE446B006F9F64 /* DateSaveDelegate.swift */ = {isa = PBXFileReference; lastKnownFileType = sourcecode.swift; path = DateSaveDelegate.swift; sourceTree = "<group>"; };
		10CF79A121DE4758006F9F64 /* Stylesheet.swift */ = {isa = PBXFileReference; lastKnownFileType = sourcecode.swift; path = Stylesheet.swift; sourceTree = "<group>"; };
		10CF79A321DE4CF5006F9F64 /* SenderSenderDelegate.swift */ = {isa = PBXFileReference; lastKnownFileType = sourcecode.swift; path = SenderSenderDelegate.swift; sourceTree = "<group>"; };
		10D3963821CE9F680053808A /* ListProtocol+List.swift */ = {isa = PBXFileReference; lastKnownFileType = sourcecode.swift; path = "ListProtocol+List.swift"; sourceTree = "<group>"; };
		10D3963A21CE9F990053808A /* TemplateItem.swift */ = {isa = PBXFileReference; lastKnownFileType = sourcecode.swift; path = TemplateItem.swift; sourceTree = "<group>"; };
		10D3963C21CEADF70053808A /* TemplateCreateEditVC.swift */ = {isa = PBXFileReference; lastKnownFileType = sourcecode.swift; path = TemplateCreateEditVC.swift; sourceTree = "<group>"; };
		10D4A8A421CAB752008006FF /* ListMachine.app */ = {isa = PBXFileReference; explicitFileType = wrapper.application; includeInIndex = 0; path = ListMachine.app; sourceTree = BUILT_PRODUCTS_DIR; };
		10D4A8A721CAB752008006FF /* AppDelegate.swift */ = {isa = PBXFileReference; lastKnownFileType = sourcecode.swift; path = AppDelegate.swift; sourceTree = "<group>"; };
		10D4A8A921CAB752008006FF /* TemplateFieldEditVC.swift */ = {isa = PBXFileReference; lastKnownFileType = sourcecode.swift; path = TemplateFieldEditVC.swift; sourceTree = "<group>"; };
		10D4A8AC21CAB752008006FF /* Base */ = {isa = PBXFileReference; lastKnownFileType = file.storyboard; name = Base; path = Base.lproj/Main.storyboard; sourceTree = "<group>"; };
		10D4A8AF21CAB752008006FF /* ListMachine.xcdatamodel */ = {isa = PBXFileReference; lastKnownFileType = wrapper.xcdatamodel; path = ListMachine.xcdatamodel; sourceTree = "<group>"; };
		10D4A8B121CAB754008006FF /* Assets.xcassets */ = {isa = PBXFileReference; lastKnownFileType = folder.assetcatalog; path = Assets.xcassets; sourceTree = "<group>"; };
		10D4A8B421CAB754008006FF /* Base */ = {isa = PBXFileReference; lastKnownFileType = file.storyboard; name = Base; path = Base.lproj/LaunchScreen.storyboard; sourceTree = "<group>"; };
		10D4A8B621CAB754008006FF /* Info.plist */ = {isa = PBXFileReference; lastKnownFileType = text.plist.xml; path = Info.plist; sourceTree = "<group>"; };
		10D4A8BF21CABA84008006FF /* ItemCreateEditVC.swift */ = {isa = PBXFileReference; lastKnownFileType = sourcecode.swift; path = ItemCreateEditVC.swift; sourceTree = "<group>"; };
		10D4A8C221CABBC2008006FF /* ItemFieldProtocol+ItemField.swift */ = {isa = PBXFileReference; lastKnownFileType = sourcecode.swift; path = "ItemFieldProtocol+ItemField.swift"; sourceTree = "<group>"; };
		10D4A8CC21CABEB1008006FF /* CellID.swift */ = {isa = PBXFileReference; lastKnownFileType = sourcecode.swift; path = CellID.swift; sourceTree = "<group>"; };
		10D4A8CE21CAC320008006FF /* SegueID.swift */ = {isa = PBXFileReference; lastKnownFileType = sourcecode.swift; path = SegueID.swift; sourceTree = "<group>"; };
		10D4A8D221CAC9BA008006FF /* FieldSaveDelegate.swift */ = {isa = PBXFileReference; lastKnownFileType = sourcecode.swift; path = FieldSaveDelegate.swift; sourceTree = "<group>"; };
		10EB533621DF9DCC00679018 /* ListItemCell.swift */ = {isa = PBXFileReference; lastKnownFileType = sourcecode.swift; path = ListItemCell.swift; sourceTree = "<group>"; };
		10F5F4D021D65722002E9E5C /* FieldItemCell.swift */ = {isa = PBXFileReference; lastKnownFileType = sourcecode.swift; path = FieldItemCell.swift; sourceTree = "<group>"; };
		10F5F4D221D65BA1002E9E5C /* ConstraintValues.swift */ = {isa = PBXFileReference; lastKnownFileType = sourcecode.swift; path = ConstraintValues.swift; sourceTree = "<group>"; };
		2BC105C01E5A5CF6EBC82746 /* Pods_ListMachine.framework */ = {isa = PBXFileReference; explicitFileType = wrapper.framework; includeInIndex = 0; path = Pods_ListMachine.framework; sourceTree = BUILT_PRODUCTS_DIR; };
		E8F668188395EBFA98C2FFC8 /* Pods-ListMachine.debug.xcconfig */ = {isa = PBXFileReference; includeInIndex = 1; lastKnownFileType = text.xcconfig; name = "Pods-ListMachine.debug.xcconfig"; path = "Pods/Target Support Files/Pods-ListMachine/Pods-ListMachine.debug.xcconfig"; sourceTree = "<group>"; };
/* End PBXFileReference section */

/* Begin PBXFrameworksBuildPhase section */
		10D4A8A121CAB752008006FF /* Frameworks */ = {
			isa = PBXFrameworksBuildPhase;
			buildActionMask = 2147483647;
			files = (
				A1850574D31A02B5677342E5 /* Pods_ListMachine.framework in Frameworks */,
			);
			runOnlyForDeploymentPostprocessing = 0;
		};
/* End PBXFrameworksBuildPhase section */

/* Begin PBXGroup section */
		10A8C32421F75301005C6F40 /* Buttons */ = {
			isa = PBXGroup;
			children = (
				10A8C32221F74FF5005C6F40 /* NewItemButton.swift */,
				10A8C32521F7531C005C6F40 /* SaveButton.swift */,
			);
			path = Buttons;
			sourceTree = "<group>";
		};
		10A8C32D21F76407005C6F40 /* Fonts */ = {
			isa = PBXGroup;
			children = (
				10A8C32E21F7643D005C6F40 /* Montserrat-Bold.ttf */,
				10A8C32F21F76449005C6F40 /* Montserrat-Regular.ttf */,
			);
			path = Fonts;
			sourceTree = "<group>";
		};
		10CF799E21DE442E006F9F64 /* Protocols + Delegates */ = {
			isa = PBXGroup;
			children = (
				10D4A8D221CAC9BA008006FF /* FieldSaveDelegate.swift */,
				104C766A21DA519F0044346D /* CustomFieldUIViewProtocol.swift */,
				10A933DC21DD042F000A70ED /* SegueDelegate.swift */,
				10027E3D21CC0C05000CA1DB /* ItemSaveDelegate+TemplateSaveDelegate.swift */,
				10CF799F21DE446B006F9F64 /* DateSaveDelegate.swift */,
				10CF79A321DE4CF5006F9F64 /* SenderSenderDelegate.swift */,
				1036F0F021E7DEC900C5BB06 /* DraggableCell Protocol + Extension.swift */,
			);
			path = "Protocols + Delegates";
			sourceTree = "<group>";
		};
		10D4A89B21CAB751008006FF = {
			isa = PBXGroup;
			children = (
				10D4A8A621CAB752008006FF /* ListMachine */,
				10D4A8A521CAB752008006FF /* Products */,
				EB338A0B28D7EEB5AE182785 /* Pods */,
				C2DFBEA439A9E18DC485DFE9 /* Frameworks */,
			);
			sourceTree = "<group>";
		};
		10D4A8A521CAB752008006FF /* Products */ = {
			isa = PBXGroup;
			children = (
				10D4A8A421CAB752008006FF /* ListMachine.app */,
			);
			name = Products;
			sourceTree = "<group>";
		};
		10D4A8A621CAB752008006FF /* ListMachine */ = {
			isa = PBXGroup;
			children = (
				10CF799E21DE442E006F9F64 /* Protocols + Delegates */,
				10D4A8C121CABB9F008006FF /* Utils */,
				10D4A8BE21CAB779008006FF /* Model */,
				10D4A8BD21CAB772008006FF /* View */,
				10D4A8BC21CAB75E008006FF /* Controller */,
				10D4A8A721CAB752008006FF /* AppDelegate.swift */,
				10D4A8AB21CAB752008006FF /* Main.storyboard */,
				10D4A8B121CAB754008006FF /* Assets.xcassets */,
				10D4A8B321CAB754008006FF /* LaunchScreen.storyboard */,
				10D4A8B621CAB754008006FF /* Info.plist */,
				10D4A8AE21CAB752008006FF /* ListMachine.xcdatamodeld */,
			);
			path = ListMachine;
			sourceTree = "<group>";
		};
		10D4A8BC21CAB75E008006FF /* Controller */ = {
			isa = PBXGroup;
			children = (
				10D4A8A921CAB752008006FF /* TemplateFieldEditVC.swift */,
				10D4A8BF21CABA84008006FF /* ItemCreateEditVC.swift */,
				10027E3921CC04E2000CA1DB /* ItemListVC.swift */,
				10D3963C21CEADF70053808A /* TemplateCreateEditVC.swift */,
				10032F5521CFD5770075DD80 /* FieldValueEditVC.swift */,
				10A933DA21DCFF05000A70ED /* DatePickerVC.swift */,
				106C3D7421E44D6900F8881F /* MasterListVC.swift */,
			);
			path = Controller;
			sourceTree = "<group>";
		};
		10D4A8BD21CAB772008006FF /* View */ = {
			isa = PBXGroup;
			children = (
				10A8C32421F75301005C6F40 /* Buttons */,
				10B09D4021D511DF00C1FC2B /* TextEntryCell.swift */,
				10B09D4221D511EE00C1FC2B /* MemoEntryCell.swift */,
				10B09D4421D5120100C1FC2B /* NumberEntryCell.swift */,
				10B09D4621D5120F00C1FC2B /* DateEntryCell.swift */,
				10B09D4821D5121C00C1FC2B /* CheckboxCell.swift */,
				10B09D4A21D5158600C1FC2B /* CheckboxButton.swift */,
				10F5F4D021D65722002E9E5C /* FieldItemCell.swift */,
				104C766621DA4FFE0044346D /* ItemFieldSwitch.swift */,
				104C766821DA51510044346D /* ItemFieldButton.swift */,
				104C766C21DA55080044346D /* ItemFieldTextView.swift */,
				104C766E21DA58300044346D /* ItemFieldTextField.swift */,
				1046364321DC097400BEFCA7 /* FieldItemCellValueView.swift */,
				10EB533621DF9DCC00679018 /* ListItemCell.swift */,
				1091F4A821E1AF53006FA755 /* ListItemCollectionCell.swift */,
				106C3D7621E44F3400F8881F /* MasterListCell.swift */,
			);
			path = View;
			sourceTree = "<group>";
		};
		10D4A8BE21CAB779008006FF /* Model */ = {
			isa = PBXGroup;
			children = (
				10D4A8C221CABBC2008006FF /* ItemFieldProtocol+ItemField.swift */,
				10027E3B21CC0651000CA1DB /* ItemProtocol+Item.swift */,
				10D3963821CE9F680053808A /* ListProtocol+List.swift */,
				10D3963A21CE9F990053808A /* TemplateItem.swift */,
				102097DF21D3B44B0062B367 /* DataStore.swift */,
				1029778621D7E6F700945B45 /* FieldType.swift */,
			);
			path = Model;
			sourceTree = "<group>";
		};
		10D4A8C121CABB9F008006FF /* Utils */ = {
			isa = PBXGroup;
			children = (
				10A8C32D21F76407005C6F40 /* Fonts */,
				10D4A8CC21CABEB1008006FF /* CellID.swift */,
				10D4A8CE21CAC320008006FF /* SegueID.swift */,
				10F5F4D221D65BA1002E9E5C /* ConstraintValues.swift */,
				10CF79A121DE4758006F9F64 /* Stylesheet.swift */,
				106C3D7821E4504100F8881F /* PopupFactory.swift */,
				106C3D7A21E45E7700F8881F /* SortDescriptors.swift */,
				10A8C32721F7561A005C6F40 /* UIButton Pulsate Extension.swift */,
				10A8C32B21F75FD8005C6F40 /* VC Nav Item Style Extensions.swift */,
			);
			path = Utils;
			sourceTree = "<group>";
		};
		C2DFBEA439A9E18DC485DFE9 /* Frameworks */ = {
			isa = PBXGroup;
			children = (
				2BC105C01E5A5CF6EBC82746 /* Pods_ListMachine.framework */,
			);
			name = Frameworks;
			sourceTree = "<group>";
		};
		EB338A0B28D7EEB5AE182785 /* Pods */ = {
			isa = PBXGroup;
			children = (
				E8F668188395EBFA98C2FFC8 /* Pods-ListMachine.debug.xcconfig */,
				0B57E5A63260154F3FAA250F /* Pods-ListMachine.release.xcconfig */,
			);
			name = Pods;
			sourceTree = "<group>";
		};
/* End PBXGroup section */

/* Begin PBXNativeTarget section */
		10D4A8A321CAB752008006FF /* ListMachine */ = {
			isa = PBXNativeTarget;
			buildConfigurationList = 10D4A8B921CAB754008006FF /* Build configuration list for PBXNativeTarget "ListMachine" */;
			buildPhases = (
				431ACA92FD1C74ED82F65BA3 /* [CP] Check Pods Manifest.lock */,
				10D4A8A021CAB752008006FF /* Sources */,
				10D4A8A121CAB752008006FF /* Frameworks */,
				10D4A8A221CAB752008006FF /* Resources */,
				F9A62054698E7C07A0FE7160 /* [CP] Embed Pods Frameworks */,
			);
			buildRules = (
			);
			dependencies = (
			);
			name = ListMachine;
			productName = ListMachine;
			productReference = 10D4A8A421CAB752008006FF /* ListMachine.app */;
			productType = "com.apple.product-type.application";
		};
/* End PBXNativeTarget section */

/* Begin PBXProject section */
		10D4A89C21CAB751008006FF /* Project object */ = {
			isa = PBXProject;
			attributes = {
				LastSwiftUpdateCheck = 1010;
				LastUpgradeCheck = 1010;
				ORGANIZATIONNAME = "Drew Lanning";
				TargetAttributes = {
					10D4A8A321CAB752008006FF = {
						CreatedOnToolsVersion = 10.1;
					};
				};
			};
			buildConfigurationList = 10D4A89F21CAB751008006FF /* Build configuration list for PBXProject "ListMachine" */;
			compatibilityVersion = "Xcode 9.3";
			developmentRegion = en;
			hasScannedForEncodings = 0;
			knownRegions = (
				en,
				Base,
			);
			mainGroup = 10D4A89B21CAB751008006FF;
			productRefGroup = 10D4A8A521CAB752008006FF /* Products */;
			projectDirPath = "";
			projectRoot = "";
			targets = (
				10D4A8A321CAB752008006FF /* ListMachine */,
			);
		};
/* End PBXProject section */

/* Begin PBXResourcesBuildPhase section */
		10D4A8A221CAB752008006FF /* Resources */ = {
			isa = PBXResourcesBuildPhase;
			buildActionMask = 2147483647;
			files = (
				10A8C33021F7646C005C6F40 /* Montserrat-Bold.ttf in Resources */,
				10D4A8B521CAB754008006FF /* LaunchScreen.storyboard in Resources */,
				10D4A8B221CAB754008006FF /* Assets.xcassets in Resources */,
				10A8C33121F7646E005C6F40 /* Montserrat-Regular.ttf in Resources */,
				10D4A8AD21CAB752008006FF /* Main.storyboard in Resources */,
			);
			runOnlyForDeploymentPostprocessing = 0;
		};
/* End PBXResourcesBuildPhase section */

/* Begin PBXShellScriptBuildPhase section */
		431ACA92FD1C74ED82F65BA3 /* [CP] Check Pods Manifest.lock */ = {
			isa = PBXShellScriptBuildPhase;
			buildActionMask = 2147483647;
			files = (
			);
			inputPaths = (
				"${PODS_PODFILE_DIR_PATH}/Podfile.lock",
				"${PODS_ROOT}/Manifest.lock",
			);
			name = "[CP] Check Pods Manifest.lock";
			outputPaths = (
				"$(DERIVED_FILE_DIR)/Pods-ListMachine-checkManifestLockResult.txt",
			);
			runOnlyForDeploymentPostprocessing = 0;
			shellPath = /bin/sh;
			shellScript = "diff \"${PODS_PODFILE_DIR_PATH}/Podfile.lock\" \"${PODS_ROOT}/Manifest.lock\" > /dev/null\nif [ $? != 0 ] ; then\n    # print error to STDERR\n    echo \"error: The sandbox is not in sync with the Podfile.lock. Run 'pod install' or update your CocoaPods installation.\" >&2\n    exit 1\nfi\n# This output is used by Xcode 'outputs' to avoid re-running this script phase.\necho \"SUCCESS\" > \"${SCRIPT_OUTPUT_FILE_0}\"\n";
			showEnvVarsInLog = 0;
		};
		F9A62054698E7C07A0FE7160 /* [CP] Embed Pods Frameworks */ = {
			isa = PBXShellScriptBuildPhase;
			buildActionMask = 2147483647;
			files = (
			);
			inputPaths = (
				"${SRCROOT}/Pods/Target Support Files/Pods-ListMachine/Pods-ListMachine-frameworks.sh",
				"${BUILT_PRODUCTS_DIR}/Realm/Realm.framework",
				"${BUILT_PRODUCTS_DIR}/RealmSwift/RealmSwift.framework",
			);
			name = "[CP] Embed Pods Frameworks";
			outputPaths = (
				"${TARGET_BUILD_DIR}/${FRAMEWORKS_FOLDER_PATH}/Realm.framework",
				"${TARGET_BUILD_DIR}/${FRAMEWORKS_FOLDER_PATH}/RealmSwift.framework",
			);
			runOnlyForDeploymentPostprocessing = 0;
			shellPath = /bin/sh;
			shellScript = "\"${SRCROOT}/Pods/Target Support Files/Pods-ListMachine/Pods-ListMachine-frameworks.sh\"\n";
			showEnvVarsInLog = 0;
		};
/* End PBXShellScriptBuildPhase section */

/* Begin PBXSourcesBuildPhase section */
		10D4A8A021CAB752008006FF /* Sources */ = {
			isa = PBXSourcesBuildPhase;
			buildActionMask = 2147483647;
			files = (
				104C766B21DA519F0044346D /* CustomFieldUIViewProtocol.swift in Sources */,
				10D4A8AA21CAB752008006FF /* TemplateFieldEditVC.swift in Sources */,
				10A933DB21DCFF05000A70ED /* DatePickerVC.swift in Sources */,
				104C766D21DA55080044346D /* ItemFieldTextView.swift in Sources */,
				102097E021D3B44B0062B367 /* DataStore.swift in Sources */,
				10A933DD21DD042F000A70ED /* SegueDelegate.swift in Sources */,
				1036F0F121E7DEC900C5BB06 /* DraggableCell Protocol + Extension.swift in Sources */,
				10D4A8C321CABBC2008006FF /* ItemFieldProtocol+ItemField.swift in Sources */,
				10A8C32821F7561A005C6F40 /* UIButton Pulsate Extension.swift in Sources */,
				10027E3E21CC0C05000CA1DB /* ItemSaveDelegate+TemplateSaveDelegate.swift in Sources */,
				10B09D4321D511EE00C1FC2B /* MemoEntryCell.swift in Sources */,
				10D4A8CD21CABEB1008006FF /* CellID.swift in Sources */,
				106C3D7B21E45E7700F8881F /* SortDescriptors.swift in Sources */,
				10027E3C21CC0651000CA1DB /* ItemProtocol+Item.swift in Sources */,
				10D3963B21CE9F990053808A /* TemplateItem.swift in Sources */,
				10A8C32621F7531C005C6F40 /* SaveButton.swift in Sources */,
				10B09D4121D511DF00C1FC2B /* TextEntryCell.swift in Sources */,
				10F5F4D121D65722002E9E5C /* FieldItemCell.swift in Sources */,
				10D4A8B021CAB752008006FF /* ListMachine.xcdatamodeld in Sources */,
				106C3D7521E44D6900F8881F /* MasterListVC.swift in Sources */,
				10CF79A421DE4CF5006F9F64 /* SenderSenderDelegate.swift in Sources */,
				1029778721D7E6F700945B45 /* FieldType.swift in Sources */,
				1046364421DC097400BEFCA7 /* FieldItemCellValueView.swift in Sources */,
				10B09D4721D5120F00C1FC2B /* DateEntryCell.swift in Sources */,
				104C766721DA4FFE0044346D /* ItemFieldSwitch.swift in Sources */,
				10B09D4921D5121C00C1FC2B /* CheckboxCell.swift in Sources */,
				10A8C32C21F75FD8005C6F40 /* VC Nav Item Style Extensions.swift in Sources */,
				10D4A8A821CAB752008006FF /* AppDelegate.swift in Sources */,
				106C3D7721E44F3400F8881F /* MasterListCell.swift in Sources */,
				10D3963D21CEADF70053808A /* TemplateCreateEditVC.swift in Sources */,
				10D3963921CE9F680053808A /* ListProtocol+List.swift in Sources */,
				10CF79A021DE446C006F9F64 /* DateSaveDelegate.swift in Sources */,
				10032F5621CFD5770075DD80 /* FieldValueEditVC.swift in Sources */,
				10027E3A21CC04E2000CA1DB /* ItemListVC.swift in Sources */,
				10A8C32321F74FF5005C6F40 /* NewItemButton.swift in Sources */,
				10B09D4521D5120100C1FC2B /* NumberEntryCell.swift in Sources */,
				104C766921DA51510044346D /* ItemFieldButton.swift in Sources */,
				10B09D4B21D5158600C1FC2B /* CheckboxButton.swift in Sources */,
				10D4A8C021CABA84008006FF /* ItemCreateEditVC.swift in Sources */,
				10D4A8CF21CAC320008006FF /* SegueID.swift in Sources */,
				10EB533721DF9DCC00679018 /* ListItemCell.swift in Sources */,
				106C3D7921E4504100F8881F /* PopupFactory.swift in Sources */,
				10F5F4D321D65BA1002E9E5C /* ConstraintValues.swift in Sources */,
				10CF79A221DE4758006F9F64 /* Stylesheet.swift in Sources */,
				10D4A8D321CAC9BA008006FF /* FieldSaveDelegate.swift in Sources */,
				1091F4A921E1AF53006FA755 /* ListItemCollectionCell.swift in Sources */,
				104C766F21DA58300044346D /* ItemFieldTextField.swift in Sources */,
			);
			runOnlyForDeploymentPostprocessing = 0;
		};
/* End PBXSourcesBuildPhase section */

/* Begin PBXVariantGroup section */
		10D4A8AB21CAB752008006FF /* Main.storyboard */ = {
			isa = PBXVariantGroup;
			children = (
				10D4A8AC21CAB752008006FF /* Base */,
			);
			name = Main.storyboard;
			sourceTree = "<group>";
		};
		10D4A8B321CAB754008006FF /* LaunchScreen.storyboard */ = {
			isa = PBXVariantGroup;
			children = (
				10D4A8B421CAB754008006FF /* Base */,
			);
			name = LaunchScreen.storyboard;
			sourceTree = "<group>";
		};
/* End PBXVariantGroup section */

/* Begin XCBuildConfiguration section */
		10D4A8B721CAB754008006FF /* Debug */ = {
			isa = XCBuildConfiguration;
			buildSettings = {
				ALWAYS_SEARCH_USER_PATHS = NO;
				CLANG_ANALYZER_NONNULL = YES;
				CLANG_ANALYZER_NUMBER_OBJECT_CONVERSION = YES_AGGRESSIVE;
				CLANG_CXX_LANGUAGE_STANDARD = "gnu++14";
				CLANG_CXX_LIBRARY = "libc++";
				CLANG_ENABLE_MODULES = YES;
				CLANG_ENABLE_OBJC_ARC = YES;
				CLANG_ENABLE_OBJC_WEAK = YES;
				CLANG_WARN_BLOCK_CAPTURE_AUTORELEASING = YES;
				CLANG_WARN_BOOL_CONVERSION = YES;
				CLANG_WARN_COMMA = YES;
				CLANG_WARN_CONSTANT_CONVERSION = YES;
				CLANG_WARN_DEPRECATED_OBJC_IMPLEMENTATIONS = YES;
				CLANG_WARN_DIRECT_OBJC_ISA_USAGE = YES_ERROR;
				CLANG_WARN_DOCUMENTATION_COMMENTS = YES;
				CLANG_WARN_EMPTY_BODY = YES;
				CLANG_WARN_ENUM_CONVERSION = YES;
				CLANG_WARN_INFINITE_RECURSION = YES;
				CLANG_WARN_INT_CONVERSION = YES;
				CLANG_WARN_NON_LITERAL_NULL_CONVERSION = YES;
				CLANG_WARN_OBJC_IMPLICIT_RETAIN_SELF = YES;
				CLANG_WARN_OBJC_LITERAL_CONVERSION = YES;
				CLANG_WARN_OBJC_ROOT_CLASS = YES_ERROR;
				CLANG_WARN_RANGE_LOOP_ANALYSIS = YES;
				CLANG_WARN_STRICT_PROTOTYPES = YES;
				CLANG_WARN_SUSPICIOUS_MOVE = YES;
				CLANG_WARN_UNGUARDED_AVAILABILITY = YES_AGGRESSIVE;
				CLANG_WARN_UNREACHABLE_CODE = YES;
				CLANG_WARN__DUPLICATE_METHOD_MATCH = YES;
				CODE_SIGN_IDENTITY = "iPhone Developer";
				COPY_PHASE_STRIP = NO;
				DEBUG_INFORMATION_FORMAT = dwarf;
				ENABLE_STRICT_OBJC_MSGSEND = YES;
				ENABLE_TESTABILITY = YES;
				GCC_C_LANGUAGE_STANDARD = gnu11;
				GCC_DYNAMIC_NO_PIC = NO;
				GCC_NO_COMMON_BLOCKS = YES;
				GCC_OPTIMIZATION_LEVEL = 0;
				GCC_PREPROCESSOR_DEFINITIONS = (
					"DEBUG=1",
					"$(inherited)",
				);
				GCC_WARN_64_TO_32_BIT_CONVERSION = YES;
				GCC_WARN_ABOUT_RETURN_TYPE = YES_ERROR;
				GCC_WARN_UNDECLARED_SELECTOR = YES;
				GCC_WARN_UNINITIALIZED_AUTOS = YES_AGGRESSIVE;
				GCC_WARN_UNUSED_FUNCTION = YES;
				GCC_WARN_UNUSED_VARIABLE = YES;
				IPHONEOS_DEPLOYMENT_TARGET = 12.1;
				MTL_ENABLE_DEBUG_INFO = INCLUDE_SOURCE;
				MTL_FAST_MATH = YES;
				ONLY_ACTIVE_ARCH = YES;
				SDKROOT = iphoneos;
				SWIFT_ACTIVE_COMPILATION_CONDITIONS = DEBUG;
				SWIFT_OPTIMIZATION_LEVEL = "-Onone";
			};
			name = Debug;
		};
		10D4A8B821CAB754008006FF /* Release */ = {
			isa = XCBuildConfiguration;
			buildSettings = {
				ALWAYS_SEARCH_USER_PATHS = NO;
				CLANG_ANALYZER_NONNULL = YES;
				CLANG_ANALYZER_NUMBER_OBJECT_CONVERSION = YES_AGGRESSIVE;
				CLANG_CXX_LANGUAGE_STANDARD = "gnu++14";
				CLANG_CXX_LIBRARY = "libc++";
				CLANG_ENABLE_MODULES = YES;
				CLANG_ENABLE_OBJC_ARC = YES;
				CLANG_ENABLE_OBJC_WEAK = YES;
				CLANG_WARN_BLOCK_CAPTURE_AUTORELEASING = YES;
				CLANG_WARN_BOOL_CONVERSION = YES;
				CLANG_WARN_COMMA = YES;
				CLANG_WARN_CONSTANT_CONVERSION = YES;
				CLANG_WARN_DEPRECATED_OBJC_IMPLEMENTATIONS = YES;
				CLANG_WARN_DIRECT_OBJC_ISA_USAGE = YES_ERROR;
				CLANG_WARN_DOCUMENTATION_COMMENTS = YES;
				CLANG_WARN_EMPTY_BODY = YES;
				CLANG_WARN_ENUM_CONVERSION = YES;
				CLANG_WARN_INFINITE_RECURSION = YES;
				CLANG_WARN_INT_CONVERSION = YES;
				CLANG_WARN_NON_LITERAL_NULL_CONVERSION = YES;
				CLANG_WARN_OBJC_IMPLICIT_RETAIN_SELF = YES;
				CLANG_WARN_OBJC_LITERAL_CONVERSION = YES;
				CLANG_WARN_OBJC_ROOT_CLASS = YES_ERROR;
				CLANG_WARN_RANGE_LOOP_ANALYSIS = YES;
				CLANG_WARN_STRICT_PROTOTYPES = YES;
				CLANG_WARN_SUSPICIOUS_MOVE = YES;
				CLANG_WARN_UNGUARDED_AVAILABILITY = YES_AGGRESSIVE;
				CLANG_WARN_UNREACHABLE_CODE = YES;
				CLANG_WARN__DUPLICATE_METHOD_MATCH = YES;
				CODE_SIGN_IDENTITY = "iPhone Developer";
				COPY_PHASE_STRIP = NO;
				DEBUG_INFORMATION_FORMAT = "dwarf-with-dsym";
				ENABLE_NS_ASSERTIONS = NO;
				ENABLE_STRICT_OBJC_MSGSEND = YES;
				GCC_C_LANGUAGE_STANDARD = gnu11;
				GCC_NO_COMMON_BLOCKS = YES;
				GCC_WARN_64_TO_32_BIT_CONVERSION = YES;
				GCC_WARN_ABOUT_RETURN_TYPE = YES_ERROR;
				GCC_WARN_UNDECLARED_SELECTOR = YES;
				GCC_WARN_UNINITIALIZED_AUTOS = YES_AGGRESSIVE;
				GCC_WARN_UNUSED_FUNCTION = YES;
				GCC_WARN_UNUSED_VARIABLE = YES;
				IPHONEOS_DEPLOYMENT_TARGET = 12.1;
				MTL_ENABLE_DEBUG_INFO = NO;
				MTL_FAST_MATH = YES;
				SDKROOT = iphoneos;
				SWIFT_COMPILATION_MODE = wholemodule;
				SWIFT_OPTIMIZATION_LEVEL = "-O";
				VALIDATE_PRODUCT = YES;
			};
			name = Release;
		};
		10D4A8BA21CAB754008006FF /* Debug */ = {
			isa = XCBuildConfiguration;
			baseConfigurationReference = E8F668188395EBFA98C2FFC8 /* Pods-ListMachine.debug.xcconfig */;
			buildSettings = {
				ASSETCATALOG_COMPILER_APPICON_NAME = AppIcon;
				CODE_SIGN_STYLE = Automatic;
				DEVELOPMENT_TEAM = TFEDY5M56J;
				INFOPLIST_FILE = ListMachine/Info.plist;
				LD_RUNPATH_SEARCH_PATHS = (
					"$(inherited)",
					"@executable_path/Frameworks",
				);
				PRODUCT_BUNDLE_IDENTIFIER = com.example.ListMachine;
				PRODUCT_NAME = "$(TARGET_NAME)";
				SWIFT_VERSION = 4.2;
				TARGETED_DEVICE_FAMILY = "1,2";
			};
			name = Debug;
		};
		10D4A8BB21CAB754008006FF /* Release */ = {
			isa = XCBuildConfiguration;
			baseConfigurationReference = 0B57E5A63260154F3FAA250F /* Pods-ListMachine.release.xcconfig */;
			buildSettings = {
				ASSETCATALOG_COMPILER_APPICON_NAME = AppIcon;
				CODE_SIGN_STYLE = Automatic;
				DEVELOPMENT_TEAM = TFEDY5M56J;
				INFOPLIST_FILE = ListMachine/Info.plist;
				LD_RUNPATH_SEARCH_PATHS = (
					"$(inherited)",
					"@executable_path/Frameworks",
				);
				PRODUCT_BUNDLE_IDENTIFIER = com.example.ListMachine;
				PRODUCT_NAME = "$(TARGET_NAME)";
				SWIFT_VERSION = 4.2;
				TARGETED_DEVICE_FAMILY = "1,2";
			};
			name = Release;
		};
/* End XCBuildConfiguration section */

/* Begin XCConfigurationList section */
		10D4A89F21CAB751008006FF /* Build configuration list for PBXProject "ListMachine" */ = {
			isa = XCConfigurationList;
			buildConfigurations = (
				10D4A8B721CAB754008006FF /* Debug */,
				10D4A8B821CAB754008006FF /* Release */,
			);
			defaultConfigurationIsVisible = 0;
			defaultConfigurationName = Release;
		};
		10D4A8B921CAB754008006FF /* Build configuration list for PBXNativeTarget "ListMachine" */ = {
			isa = XCConfigurationList;
			buildConfigurations = (
				10D4A8BA21CAB754008006FF /* Debug */,
				10D4A8BB21CAB754008006FF /* Release */,
			);
			defaultConfigurationIsVisible = 0;
			defaultConfigurationName = Release;
		};
/* End XCConfigurationList section */

/* Begin XCVersionGroup section */
		10D4A8AE21CAB752008006FF /* ListMachine.xcdatamodeld */ = {
			isa = XCVersionGroup;
			children = (
				10D4A8AF21CAB752008006FF /* ListMachine.xcdatamodel */,
			);
			currentVersion = 10D4A8AF21CAB752008006FF /* ListMachine.xcdatamodel */;
			path = ListMachine.xcdatamodeld;
			sourceTree = "<group>";
			versionGroupType = wrapper.xcdatamodel;
		};
/* End XCVersionGroup section */
	};
	rootObject = 10D4A89C21CAB751008006FF /* Project object */;
}
